
Microsoft Visual Studio Solution File, Format Version 12.00
# Visual Studio Version 17
VisualStudioVersion = 17.6.33723.286
MinimumVisualStudioVersion = 10.0.40219.1
Project("{9A19103F-16F7-4668-BE54-9A1E7A4F7556}") = "TMP.Logging", "TMP.Logging\TMP.Logging.csproj", "{E748B063-1992-486E-A088-C8D13A0EFE7E}"
EndProject
Global
	GlobalSection(SolutionConfigurationPlatforms) = preSolution
		Debug|Any CPU = Debug|Any CPU
		Release|Any CPU = Release|Any CPU
	EndGlobalSection
	GlobalSection(ProjectConfigurationPlatforms) = postSolution
		{E748B063-1992-486E-A088-C8D13A0EFE7E}.Debug|Any CPU.ActiveCfg = Debug|Any CPU
		{E748B063-1992-486E-A088-C8D13A0EFE7E}.Debug|Any CPU.Build.0 = Debug|Any CPU
		{E748B063-1992-486E-A088-C8D13A0EFE7E}.Release|Any CPU.ActiveCfg = Release|Any CPU
		{E748B063-1992-486E-A088-C8D13A0EFE7E}.Release|Any CPU.Build.0 = Release|Any CPU
	EndGlobalSection
	GlobalSection(SolutionProperties) = preSolution
		HideSolutionNode = FALSE
	EndGlobalSection
	GlobalSection(ExtensibilityGlobals) = postSolution
		SolutionGuid = {A2CAB390-64CC-4BF3-A986-D2F9C842AA19}
	EndGlobalSection
EndGlobal
